
Microsoft Visual Studio Solution File, Format Version 12.00
# Visual Studio Version 16
VisualStudioVersion = 16.0.31613.86
MinimumVisualStudioVersion = 10.0.40219.1
Project("{FAE04EC0-301F-11D3-BF4B-00C04F79EFBC}") = "MvcСountry", "MvcСountry\MvcСountry.csproj", "{357E2B32-A93F-4CB7-8D78-91B0995B5C04}"
EndProject
Global
	GlobalSection(SolutionConfigurationPlatforms) = preSolution
		Debug|Any CPU = Debug|Any CPU
		Release|Any CPU = Release|Any CPU
	EndGlobalSection
	GlobalSection(ProjectConfigurationPlatforms) = postSolution
		{357E2B32-A93F-4CB7-8D78-91B0995B5C04}.Debug|Any CPU.ActiveCfg = Debug|Any CPU
		{357E2B32-A93F-4CB7-8D78-91B0995B5C04}.Debug|Any CPU.Build.0 = Debug|Any CPU
		{357E2B32-A93F-4CB7-8D78-91B0995B5C04}.Release|Any CPU.ActiveCfg = Release|Any CPU
		{357E2B32-A93F-4CB7-8D78-91B0995B5C04}.Release|Any CPU.Build.0 = Release|Any CPU
	EndGlobalSection
	GlobalSection(SolutionProperties) = preSolution
		HideSolutionNode = FALSE
	EndGlobalSection
	GlobalSection(ExtensibilityGlobals) = postSolution
		SolutionGuid = {A6A26B47-1DD6-453A-8010-394800CF6A21}
	EndGlobalSection
EndGlobal
